hash: a182a1b7d73b24f1ec57b4d25fe0d4d9ea2ffb288c70f7a2a2948b5769d68577
updated: 2016-07-17T00:16:47.142683195+10:00
imports:
- name: github.com/julienschmidt/httprouter
  version: 8c199fb6259ffc1af525cc3ad52ee60ba8359669
- name: github.com/twinj/uuid
  version: b505f2cca343b7b21416b27b1f2ad88469800892
testImports: []
